{
  "originHash" : "2a65d8e929f223f9fbc814dff7258767dd998d5e682c23bb23972cdd8260b5b0",
  "pins" : [
    {
      "identity" : "alamofire",
      "kind" : "remoteSourceControl",
      "location" : "https://github.com/flammeimherzen/Alamofire",
      "state" : {
        "revision" : "3ea8e93ec37a3ae5f255afb529ef20f438dd1903"
      }
    },
    {
      "identity" : "onesignal-xcframework",
      "kind" : "remoteSourceControl",
      "location" : "https://github.com/OneSignal/OneSignal-XCFramework",
      "state" : {
        "revision" : "c57e23b501cee0a988342a384a4c3ed0dc75ff56",
        "version" : "5.7.0"
      }
    }
  ],
  "version" : 3
}
